// !$*UTF8*$!
{
	archiveVersion = 1;
	classes = {
	};
	objectVersion = 52;
	objects = {

/* Begin PBXBuildFile section */
		BA17F83B26CD6C8900171E54 /* UpdatePaymentSourceView.swift in Sources */ = {isa = PBXBuildFile; fileRef = BA17F83A26CD6C8900171E54 /* UpdatePaymentSourceView.swift */; };
		BA17F83D26CD6D7100171E54 /* PayView.swift in Sources */ = {isa = PBXBuildFile; fileRef = BA17F83C26CD6D7100171E54 /* PayView.swift */; };
		BA17F83F26CD7A0B00171E54 /* Resource.swift in Sources */ = {isa = PBXBuildFile; fileRef = BA17F83E26CD7A0B00171E54 /* Resource.swift */; };
		BA3614CA26CD0E610033BADB /* CreatePaymentSourceView.swift in Sources */ = {isa = PBXBuildFile; fileRef = BA3614C926CD0E610033BADB /* CreatePaymentSourceView.swift */; };
		BA8850A826CBB76D00D8CDD2 /* LeanSDK in Frameworks */ = {isa = PBXBuildFile; productRef = BA8850A726CBB76D00D8CDD2 /* LeanSDK */; };
		BA8850AA26CBC3F500D8CDD2 /* ReconnectView.swift in Sources */ = {isa = PBXBuildFile; fileRef = BA8850A926CBC3F500D8CDD2 /* ReconnectView.swift */; };
		BA8C4A7F263B29B000E918D5 /* TitleDescription.swift in Sources */ = {isa = PBXBuildFile; fileRef = BA8C4A7E263B29B000E918D5 /* TitleDescription.swift */; };
		BA97973C2628BAF200601EA5 /* LeanDemoApp.swift in Sources */ = {isa = PBXBuildFile; fileRef = BA97973B2628BAF200601EA5 /* LeanDemoApp.swift */; };
		BA97973E2628BAF200601EA5 /* ContentView.swift in Sources */ = {isa = PBXBuildFile; fileRef = BA97973D2628BAF200601EA5 /* ContentView.swift */; };
		BA9797402628BAF500601EA5 /* Assets.xcassets in Resources */ = {isa = PBXBuildFile; fileRef = BA97973F2628BAF500601EA5 /* Assets.xcassets */; };
		BA9797432628BAF500601EA5 /* Preview Assets.xcassets in Resources */ = {isa = PBXBuildFile; fileRef = BA9797422628BAF500601EA5 /* Preview Assets.xcassets */; };
		BAC385B72639CCFC008D43C5 /* Launch.storyboard in Resources */ = {isa = PBXBuildFile; fileRef = BAC385B62639CCFC008D43C5 /* Launch.storyboard */; };
		BAC385BB263AF8EA008D43C5 /* FilledButton.swift in Sources */ = {isa = PBXBuildFile; fileRef = BAC385BA263AF8EA008D43C5 /* FilledButton.swift */; };
		BAD14D8026338BAE00ABD0E9 /* LinkAccountView.swift in Sources */ = {isa = PBXBuildFile; fileRef = BAD14D7F26338BAE00ABD0E9 /* LinkAccountView.swift */; };
/* End PBXBuildFile section */

/* Begin PBXFileReference section */
		BA17F83A26CD6C8900171E54 /* UpdatePaymentSourceView.swift */ = {isa = PBXFileReference; lastKnownFileType = sourcecode.swift; path = UpdatePaymentSourceView.swift; sourceTree = "<group>"; };
		BA17F83C26CD6D7100171E54 /* PayView.swift */ = {isa = PBXFileReference; lastKnownFileType = sourcecode.swift; path = PayView.swift; sourceTree = "<group>"; };
		BA17F83E26CD7A0B00171E54 /* Resource.swift */ = {isa = PBXFileReference; lastKnownFileType = sourcecode.swift; path = Resource.swift; sourceTree = "<group>"; };
		BA3614C926CD0E610033BADB /* CreatePaymentSourceView.swift */ = {isa = PBXFileReference; lastKnownFileType = sourcecode.swift; path = CreatePaymentSourceView.swift; sourceTree = "<group>"; };
		BA8850A926CBC3F500D8CDD2 /* ReconnectView.swift */ = {isa = PBXFileReference; lastKnownFileType = sourcecode.swift; path = ReconnectView.swift; sourceTree = "<group>"; };
		BA8C4A7E263B29B000E918D5 /* TitleDescription.swift */ = {isa = PBXFileReference; lastKnownFileType = sourcecode.swift; path = TitleDescription.swift; sourceTree = "<group>"; };
		BA9797382628BAF200601EA5 /* LeanDemo.app */ = {isa = PBXFileReference; explicitFileType = wrapper.application; includeInIndex = 0; path = LeanDemo.app; sourceTree = BUILT_PRODUCTS_DIR; };
		BA97973B2628BAF200601EA5 /* LeanDemoApp.swift */ = {isa = PBXFileReference; lastKnownFileType = sourcecode.swift; path = LeanDemoApp.swift; sourceTree = "<group>"; };
		BA97973D2628BAF200601EA5 /* ContentView.swift */ = {isa = PBXFileReference; lastKnownFileType = sourcecode.swift; path = ContentView.swift; sourceTree = "<group>"; };
		BA97973F2628BAF500601EA5 /* Assets.xcassets */ = {isa = PBXFileReference; lastKnownFileType = folder.assetcatalog; path = Assets.xcassets; sourceTree = "<group>"; };
		BA9797422628BAF500601EA5 /* Preview Assets.xcassets */ = {isa = PBXFileReference; lastKnownFileType = folder.assetcatalog; path = "Preview Assets.xcassets"; sourceTree = "<group>"; };
		BA9797442628BAF500601EA5 /* Info.plist */ = {isa = PBXFileReference; lastKnownFileType = text.plist.xml; path = Info.plist; sourceTree = "<group>"; };
		BAC385B62639CCFC008D43C5 /* Launch.storyboard */ = {isa = PBXFileReference; lastKnownFileType = file.storyboard; path = Launch.storyboard; sourceTree = "<group>"; };
		BAC385BA263AF8EA008D43C5 /* FilledButton.swift */ = {isa = PBXFileReference; lastKnownFileType = sourcecode.swift; path = FilledButton.swift; sourceTree = "<group>"; };
		BAD14D7F26338BAE00ABD0E9 /* LinkAccountView.swift */ = {isa = PBXFileReference; lastKnownFileType = sourcecode.swift; path = LinkAccountView.swift; sourceTree = "<group>"; };
/* End PBXFileReference section */

/* Begin PBXFrameworksBuildPhase section */
		BA9797352628BAF200601EA5 /* Frameworks */ = {
			isa = PBXFrameworksBuildPhase;
			buildActionMask = 2147483647;
			files = (
				BA8850A826CBB76D00D8CDD2 /* LeanSDK in Frameworks */,
			);
			runOnlyForDeploymentPostprocessing = 0;
		};
/* End PBXFrameworksBuildPhase section */

/* Begin PBXGroup section */
		BA8C4A7C263B296500E918D5 /* components */ = {
			isa = PBXGroup;
			children = (
				BAC385BA263AF8EA008D43C5 /* FilledButton.swift */,
				BA8C4A7E263B29B000E918D5 /* TitleDescription.swift */,
				BA17F83E26CD7A0B00171E54 /* Resource.swift */,
			);
			path = components;
			sourceTree = "<group>";
		};
		BA8C4A7D263B297F00E918D5 /* Views */ = {
			isa = PBXGroup;
			children = (
				BAD14D7F26338BAE00ABD0E9 /* LinkAccountView.swift */,
				BA8850A926CBC3F500D8CDD2 /* ReconnectView.swift */,
				BA3614C926CD0E610033BADB /* CreatePaymentSourceView.swift */,
				BA17F83A26CD6C8900171E54 /* UpdatePaymentSourceView.swift */,
				BA17F83C26CD6D7100171E54 /* PayView.swift */,
				BA97973D2628BAF200601EA5 /* ContentView.swift */,
			);
			path = Views;
			sourceTree = "<group>";
		};
		BA97972F2628BAF200601EA5 = {
			isa = PBXGroup;
			children = (
				BAC385B62639CCFC008D43C5 /* Launch.storyboard */,
				BA97973A2628BAF200601EA5 /* LeanDemo */,
				BA9797392628BAF200601EA5 /* Products */,
			);
			sourceTree = "<group>";
		};
		BA9797392628BAF200601EA5 /* Products */ = {
			isa = PBXGroup;
			children = (
				BA9797382628BAF200601EA5 /* LeanDemo.app */,
			);
			name = Products;
			sourceTree = "<group>";
		};
		BA97973A2628BAF200601EA5 /* LeanDemo */ = {
			isa = PBXGroup;
			children = (
				BA8C4A7D263B297F00E918D5 /* Views */,
				BA8C4A7C263B296500E918D5 /* components */,
				BA97973B2628BAF200601EA5 /* LeanDemoApp.swift */,
				BA97973F2628BAF500601EA5 /* Assets.xcassets */,
				BA9797442628BAF500601EA5 /* Info.plist */,
				BA9797412628BAF500601EA5 /* Preview Content */,
			);
			path = LeanDemo;
			sourceTree = "<group>";
		};
		BA9797412628BAF500601EA5 /* Preview Content */ = {
			isa = PBXGroup;
			children = (
				BA9797422628BAF500601EA5 /* Preview Assets.xcassets */,
			);
			path = "Preview Content";
			sourceTree = "<group>";
		};
/* End PBXGroup section */

/* Begin PBXNativeTarget section */
		BA9797372628BAF200601EA5 /* LeanDemo */ = {
			isa = PBXNativeTarget;
			buildConfigurationList = BA9797472628BAF500601EA5 /* Build configuration list for PBXNativeTarget "LeanDemo" */;
			buildPhases = (
				BA9797342628BAF200601EA5 /* Sources */,
				BA9797352628BAF200601EA5 /* Frameworks */,
				BA9797362628BAF200601EA5 /* Resources */,
			);
			buildRules = (
			);
			dependencies = (
			);
			name = LeanDemo;
			packageProductDependencies = (
				BA8850A726CBB76D00D8CDD2 /* LeanSDK */,
			);
			productName = LeanDemo;
			productReference = BA9797382628BAF200601EA5 /* LeanDemo.app */;
			productType = "com.apple.product-type.application";
		};
/* End PBXNativeTarget section */

/* Begin PBXProject section */
		BA9797302628BAF200601EA5 /* Project object */ = {
			isa = PBXProject;
			attributes = {
				LastSwiftUpdateCheck = 1240;
				LastUpgradeCheck = 1240;
				TargetAttributes = {
					BA9797372628BAF200601EA5 = {
						CreatedOnToolsVersion = 12.4;
					};
				};
			};
			buildConfigurationList = BA9797332628BAF200601EA5 /* Build configuration list for PBXProject "LeanDemo" */;
			compatibilityVersion = "Xcode 9.3";
			developmentRegion = en;
			hasScannedForEncodings = 0;
			knownRegions = (
				en,
				Base,
			);
			mainGroup = BA97972F2628BAF200601EA5;
			packageReferences = (
				BA8850A626CBB76D00D8CDD2 /* XCRemoteSwiftPackageReference "link-sdk-ios-distribution" */,
			);
			productRefGroup = BA9797392628BAF200601EA5 /* Products */;
			projectDirPath = "";
			projectRoot = "";
			targets = (
				BA9797372628BAF200601EA5 /* LeanDemo */,
			);
		};
/* End PBXProject section */

/* Begin PBXResourcesBuildPhase section */
		BA9797362628BAF200601EA5 /* Resources */ = {
			isa = PBXResourcesBuildPhase;
			buildActionMask = 2147483647;
			files = (
				BA9797432628BAF500601EA5 /* Preview Assets.xcassets in Resources */,
				BA9797402628BAF500601EA5 /* Assets.xcassets in Resources */,
				BAC385B72639CCFC008D43C5 /* Launch.storyboard in Resources */,
			);
			runOnlyForDeploymentPostprocessing = 0;
		};
/* End PBXResourcesBuildPhase section */

/* Begin PBXSourcesBuildPhase section */
		BA9797342628BAF200601EA5 /* Sources */ = {
			isa = PBXSourcesBuildPhase;
			buildActionMask = 2147483647;
			files = (
				BA97973E2628BAF200601EA5 /* ContentView.swift in Sources */,
				BAC385BB263AF8EA008D43C5 /* FilledButton.swift in Sources */,
				BA3614CA26CD0E610033BADB /* CreatePaymentSourceView.swift in Sources */,
				BA17F83F26CD7A0B00171E54 /* Resource.swift in Sources */,
				BA8850AA26CBC3F500D8CDD2 /* ReconnectView.swift in Sources */,
				BA17F83D26CD6D7100171E54 /* PayView.swift in Sources */,
				BAD14D8026338BAE00ABD0E9 /* LinkAccountView.swift in Sources */,
				BA17F83B26CD6C8900171E54 /* UpdatePaymentSourceView.swift in Sources */,
				BA97973C2628BAF200601EA5 /* LeanDemoApp.swift in Sources */,
				BA8C4A7F263B29B000E918D5 /* TitleDescription.swift in Sources */,
			);
			runOnlyForDeploymentPostprocessing = 0;
		};
/* End PBXSourcesBuildPhase section */

/* Begin XCBuildConfiguration section */
		BA9797452628BAF500601EA5 /* Debug */ = {
			isa = XCBuildConfiguration;
			buildSettings = {
				ALWAYS_SEARCH_USER_PATHS = NO;
				CLANG_ANALYZER_NONNULL = YES;
				CLANG_ANALYZER_NUMBER_OBJECT_CONVERSION = YES_AGGRESSIVE;
				CLANG_CXX_LANGUAGE_STANDARD = "gnu++14";
				CLANG_CXX_LIBRARY = "libc++";
				CLANG_ENABLE_MODULES = YES;
				CLANG_ENABLE_OBJC_ARC = YES;
				CLANG_ENABLE_OBJC_WEAK = YES;
				CLANG_WARN_BLOCK_CAPTURE_AUTORELEASING = YES;
				CLANG_WARN_BOOL_CONVERSION = YES;
				CLANG_WARN_COMMA = YES;
				CLANG_WARN_CONSTANT_CONVERSION = YES;
				CLANG_WARN_DEPRECATED_OBJC_IMPLEMENTATIONS = YES;
				CLANG_WARN_DIRECT_OBJC_ISA_USAGE = YES_ERROR;
				CLANG_WARN_DOCUMENTATION_COMMENTS = YES;
				CLANG_WARN_EMPTY_BODY = YES;
				CLANG_WARN_ENUM_CONVERSION = YES;
				CLANG_WARN_INFINITE_RECURSION = YES;
				CLANG_WARN_INT_CONVERSION = YES;
				CLANG_WARN_NON_LITERAL_NULL_CONVERSION = YES;
				CLANG_WARN_OBJC_IMPLICIT_RETAIN_SELF = YES;
				CLANG_WARN_OBJC_LITERAL_CONVERSION = YES;
				CLANG_WARN_OBJC_ROOT_CLASS = YES_ERROR;
				CLANG_WARN_QUOTED_INCLUDE_IN_FRAMEWORK_HEADER = YES;
				CLANG_WARN_RANGE_LOOP_ANALYSIS = YES;
				CLANG_WARN_STRICT_PROTOTYPES = YES;
				CLANG_WARN_SUSPICIOUS_MOVE = YES;
				CLANG_WARN_UNGUARDED_AVAILABILITY = YES_AGGRESSIVE;
				CLANG_WARN_UNREACHABLE_CODE = YES;
				CLANG_WARN__DUPLICATE_METHOD_MATCH = YES;
				COPY_PHASE_STRIP = NO;
				DEBUG_INFORMATION_FORMAT = dwarf;
				ENABLE_STRICT_OBJC_MSGSEND = YES;
				ENABLE_TESTABILITY = YES;
				GCC_C_LANGUAGE_STANDARD = gnu11;
				GCC_DYNAMIC_NO_PIC = NO;
				GCC_NO_COMMON_BLOCKS = YES;
				GCC_OPTIMIZATION_LEVEL = 0;
				GCC_PREPROCESSOR_DEFINITIONS = (
					"DEBUG=1",
					"$(inherited)",
				);
				GCC_WARN_64_TO_32_BIT_CONVERSION = YES;
				GCC_WARN_ABOUT_RETURN_TYPE = YES_ERROR;
				GCC_WARN_UNDECLARED_SELECTOR = YES;
				GCC_WARN_UNINITIALIZED_AUTOS = YES_AGGRESSIVE;
				GCC_WARN_UNUSED_FUNCTION = YES;
				GCC_WARN_UNUSED_VARIABLE = YES;
				IPHONEOS_DEPLOYMENT_TARGET = 14.4;
				MTL_ENABLE_DEBUG_INFO = INCLUDE_SOURCE;
				MTL_FAST_MATH = YES;
				ONLY_ACTIVE_ARCH = YES;
				SDKROOT = iphoneos;
				SWIFT_ACTIVE_COMPILATION_CONDITIONS = DEBUG;
				SWIFT_OPTIMIZATION_LEVEL = "-Onone";
			};
			name = Debug;
		};
		BA9797462628BAF500601EA5 /* Release */ = {
			isa = XCBuildConfiguration;
			buildSettings = {
				ALWAYS_SEARCH_USER_PATHS = NO;
				CLANG_ANALYZER_NONNULL = YES;
				CLANG_ANALYZER_NUMBER_OBJECT_CONVERSION = YES_AGGRESSIVE;
				CLANG_CXX_LANGUAGE_STANDARD = "gnu++14";
				CLANG_CXX_LIBRARY = "libc++";
				CLANG_ENABLE_MODULES = YES;
				CLANG_ENABLE_OBJC_ARC = YES;
				CLANG_ENABLE_OBJC_WEAK = YES;
				CLANG_WARN_BLOCK_CAPTURE_AUTORELEASING = YES;
				CLANG_WARN_BOOL_CONVERSION = YES;
				CLANG_WARN_COMMA = YES;
				CLANG_WARN_CONSTANT_CONVERSION = YES;
				CLANG_WARN_DEPRECATED_OBJC_IMPLEMENTATIONS = YES;
				CLANG_WARN_DIRECT_OBJC_ISA_USAGE = YES_ERROR;
				CLANG_WARN_DOCUMENTATION_COMMENTS = YES;
				CLANG_WARN_EMPTY_BODY = YES;
				CLANG_WARN_ENUM_CONVERSION = YES;
				CLANG_WARN_INFINITE_RECURSION = YES;
				CLANG_WARN_INT_CONVERSION = YES;
				CLANG_WARN_NON_LITERAL_NULL_CONVERSION = YES;
				CLANG_WARN_OBJC_IMPLICIT_RETAIN_SELF = YES;
				CLANG_WARN_OBJC_LITERAL_CONVERSION = YES;
				CLANG_WARN_OBJC_ROOT_CLASS = YES_ERROR;
				CLANG_WARN_QUOTED_INCLUDE_IN_FRAMEWORK_HEADER = YES;
				CLANG_WARN_RANGE_LOOP_ANALYSIS = YES;
				CLANG_WARN_STRICT_PROTOTYPES = YES;
				CLANG_WARN_SUSPICIOUS_MOVE = YES;
				CLANG_WARN_UNGUARDED_AVAILABILITY = YES_AGGRESSIVE;
				CLANG_WARN_UNREACHABLE_CODE = YES;
				CLANG_WARN__DUPLICATE_METHOD_MATCH = YES;
				COPY_PHASE_STRIP = NO;
				DEBUG_INFORMATION_FORMAT = "dwarf-with-dsym";
				ENABLE_NS_ASSERTIONS = NO;
				ENABLE_STRICT_OBJC_MSGSEND = YES;
				GCC_C_LANGUAGE_STANDARD = gnu11;
				GCC_NO_COMMON_BLOCKS = YES;
				GCC_WARN_64_TO_32_BIT_CONVERSION = YES;
				GCC_WARN_ABOUT_RETURN_TYPE = YES_ERROR;
				GCC_WARN_UNDECLARED_SELECTOR = YES;
				GCC_WARN_UNINITIALIZED_AUTOS = YES_AGGRESSIVE;
				GCC_WARN_UNUSED_FUNCTION = YES;
				GCC_WARN_UNUSED_VARIABLE = YES;
				IPHONEOS_DEPLOYMENT_TARGET = 14.4;
				MTL_ENABLE_DEBUG_INFO = NO;
				MTL_FAST_MATH = YES;
				SDKROOT = iphoneos;
				SWIFT_COMPILATION_MODE = wholemodule;
				SWIFT_OPTIMIZATION_LEVEL = "-O";
				VALIDATE_PRODUCT = YES;
			};
			name = Release;
		};
		BA9797482628BAF500601EA5 /* Debug */ = {
			isa = XCBuildConfiguration;
			buildSettings = {
				ASSETCATALOG_COMPILER_APPICON_NAME = AppIcon;
				ASSETCATALOG_COMPILER_GLOBAL_ACCENT_COLOR_NAME = AccentColor;
				CODE_SIGN_STYLE = Automatic;
				DEVELOPMENT_ASSET_PATHS = "\"LeanDemo/Preview Content\"";
				DEVELOPMENT_TEAM = B7667RPY6C;
				ENABLE_PREVIEWS = YES;
				INFOPLIST_FILE = LeanDemo/Info.plist;
				IPHONEOS_DEPLOYMENT_TARGET = 14.5;
				LD_RUNPATH_SEARCH_PATHS = (
					"$(inherited)",
					"@executable_path/Frameworks",
				);
				PRODUCT_BUNDLE_IDENTIFIER = alextomlinson.LeanDemo;
				PRODUCT_NAME = "$(TARGET_NAME)";
				SWIFT_VERSION = 5.0;
				TARGETED_DEVICE_FAMILY = "1,2";
			};
			name = Debug;
		};
		BA9797492628BAF500601EA5 /* Release */ = {
			isa = XCBuildConfiguration;
			buildSettings = {
				ASSETCATALOG_COMPILER_APPICON_NAME = AppIcon;
				ASSETCATALOG_COMPILER_GLOBAL_ACCENT_COLOR_NAME = AccentColor;
				CODE_SIGN_STYLE = Automatic;
				DEVELOPMENT_ASSET_PATHS = "\"LeanDemo/Preview Content\"";
				DEVELOPMENT_TEAM = B7667RPY6C;
				ENABLE_PREVIEWS = YES;
				INFOPLIST_FILE = LeanDemo/Info.plist;
				IPHONEOS_DEPLOYMENT_TARGET = 14.5;
				LD_RUNPATH_SEARCH_PATHS = (
					"$(inherited)",
					"@executable_path/Frameworks",
				);
				PRODUCT_BUNDLE_IDENTIFIER = alextomlinson.LeanDemo;
				PRODUCT_NAME = "$(TARGET_NAME)";
				SWIFT_VERSION = 5.0;
				TARGETED_DEVICE_FAMILY = "1,2";
			};
			name = Release;
		};
/* End XCBuildConfiguration section */

/* Begin XCConfigurationList section */
		BA9797332628BAF200601EA5 /* Build configuration list for PBXProject "LeanDemo" */ = {
			isa = XCConfigurationList;
			buildConfigurations = (
				BA9797452628BAF500601EA5 /* Debug */,
				BA9797462628BAF500601EA5 /* Release */,
			);
			defaultConfigurationIsVisible = 0;
			defaultConfigurationName = Release;
		};
		BA9797472628BAF500601EA5 /* Build configuration list for PBXNativeTarget "LeanDemo" */ = {
			isa = XCConfigurationList;
			buildConfigurations = (
				BA9797482628BAF500601EA5 /* Debug */,
				BA9797492628BAF500601EA5 /* Release */,
			);
			defaultConfigurationIsVisible = 0;
			defaultConfigurationName = Release;
		};
/* End XCConfigurationList section */

/* Begin XCRemoteSwiftPackageReference section */
		BA8850A626CBB76D00D8CDD2 /* XCRemoteSwiftPackageReference "link-sdk-ios-distribution" */ = {
			isa = XCRemoteSwiftPackageReference;
			repositoryURL = "https://github.com/leantechnologies/link-sdk-ios-distribution.git";
			requirement = {
				kind = upToNextMajorVersion;
				minimumVersion = 1.0.3;
			};
		};
/* End XCRemoteSwiftPackageReference section */

/* Begin XCSwiftPackageProductDependency section */
		BA8850A726CBB76D00D8CDD2 /* LeanSDK */ = {
			isa = XCSwiftPackageProductDependency;
			package = BA8850A626CBB76D00D8CDD2 /* XCRemoteSwiftPackageReference "link-sdk-ios-distribution" */;
			productName = LeanSDK;
		};
/* End XCSwiftPackageProductDependency section */
	};
	rootObject = BA9797302628BAF200601EA5 /* Project object */;
}
